
Microsoft Visual Studio Solution File, Format Version 12.00
# Visual Studio Version 17
VisualStudioVersion = 17.10.35027.167
MinimumVisualStudioVersion = 10.0.40219.1
Project("{FAE04EC0-301F-11D3-BF4B-00C04F79EFBC}") = "Supermarket Management System", "Supermarket Management System\Supermarket Management System.csproj", "{F37507E7-F879-4494-865F-44724D8000BB}"
EndProject
Global
	GlobalSection(SolutionConfigurationPlatforms) = preSolution
		Debug|Any CPU = Debug|Any CPU
		Release|Any CPU = Release|Any CPU
	EndGlobalSection
	GlobalSection(ProjectConfigurationPlatforms) = postSolution
		{F37507E7-F879-4494-865F-44724D8000BB}.Debug|Any CPU.ActiveCfg = Debug|Any CPU
		{F37507E7-F879-4494-865F-44724D8000BB}.Debug|Any CPU.Build.0 = Debug|Any CPU
		{F37507E7-F879-4494-865F-44724D8000BB}.Release|Any CPU.ActiveCfg = Release|Any CPU
		{F37507E7-F879-4494-865F-44724D8000BB}.Release|Any CPU.Build.0 = Release|Any CPU
	EndGlobalSection
	GlobalSection(SolutionProperties) = preSolution
		HideSolutionNode = FALSE
	EndGlobalSection
	GlobalSection(ExtensibilityGlobals) = postSolution
		SolutionGuid = {53313084-05BD-41BC-B501-B99FF0136909}
	EndGlobalSection
EndGlobal
